
Microsoft Visual Studio Solution File, Format Version 12.00
# Visual Studio 2013
VisualStudioVersion = 12.0.21005.1
MinimumVisualStudioVersion = 10.0.40219.1
Project("{FAE04EC0-301F-11D3-BF4B-00C04F79EFBC}") = "ITCO.TransferCost.Main", "ITCO.TransferCost.Main\ITCO.TransferCost.Main.csproj", "{22E32946-0412-4E1C-9945-CAF3604C7332}"
EndProject
Project("{FAE04EC0-301F-11D3-BF4B-00C04F79EFBC}") = "ITCO.TransferCost.UI", "ITCO.TransferCost.UI\ITCO.TransferCost.UI.csproj", "{9C180F17-784B-4700-979D-90F085FBC6D9}"
EndProject
Global
	GlobalSection(SolutionConfigurationPlatforms) = preSolution
		Debug|Any CPU = Debug|Any CPU
		Release|Any CPU = Release|Any CPU
	EndGlobalSection
	GlobalSection(ProjectConfigurationPlatforms) = postSolution
		{22E32946-0412-4E1C-9945-CAF3604C7332}.Debug|Any CPU.ActiveCfg = Debug|Any CPU
		{22E32946-0412-4E1C-9945-CAF3604C7332}.Debug|Any CPU.Build.0 = Debug|Any CPU
		{22E32946-0412-4E1C-9945-CAF3604C7332}.Release|Any CPU.ActiveCfg = Release|Any CPU
		{22E32946-0412-4E1C-9945-CAF3604C7332}.Release|Any CPU.Build.0 = Release|Any CPU
		{9C180F17-784B-4700-979D-90F085FBC6D9}.Debug|Any CPU.ActiveCfg = Debug|Any CPU
		{9C180F17-784B-4700-979D-90F085FBC6D9}.Debug|Any CPU.Build.0 = Debug|Any CPU
		{9C180F17-784B-4700-979D-90F085FBC6D9}.Release|Any CPU.ActiveCfg = Release|Any CPU
		{9C180F17-784B-4700-979D-90F085FBC6D9}.Release|Any CPU.Build.0 = Release|Any CPU
	EndGlobalSection
	GlobalSection(SolutionProperties) = preSolution
		HideSolutionNode = FALSE
	EndGlobalSection
EndGlobal
